# THIS IS AN AUTOGENERATED FILE. DO NOT EDIT THIS FILE DIRECTLY.
# yarn lockfile v1


buzz@^1.2.1:
  version "1.2.1"
  resolved "https://registry.yarnpkg.com/buzz/-/buzz-1.2.1.tgz#09c75e159e3106d672aba383822a3265106f8294"
  integrity sha512-eQ/I237IeAn+63i5QiooRor0tarcYbePkpyfqKjIKFmUU0m63c37Nlpjm2DmUS8ntJG3A9eCynexLUyNz+1eew==

featherlight@^1.7.14:
  version "1.7.14"
  resolved "https://registry.yarnpkg.com/featherlight/-/featherlight-1.7.14.tgz#7896909d0d7ac4672c334ba018363e519d31e4db"
  integrity sha512-4R0Vk0pTN5IPCuMABPtXJ6hgGgoK1qwbxGB4Nf06gXovw/i+r3s/f94ksZYjsW3c2oMEAS9A8exdlNaX9YSSRQ==

jquery-zoom@^1.7.21:
  version "1.7.21"
  resolved "https://registry.yarnpkg.com/jquery-zoom/-/jquery-zoom-1.7.21.tgz#9c8cbb40cefaeba288e9dd05a67e5f0f8dcec4f3"
  integrity sha512-C3aDEt0c4TkPrOPqIs5VAOwBMgitf1I7jEakO15G3QfxdVEivBvUlkiCjfcGQM+FyXdvshpbiEJKDbEdPz2/pw==
  dependencies:
    jquery ">=1.7"

jquery@>=1.7, jquery@^3.5.1:
  version "3.5.1"
  resolved "https://registry.yarnpkg.com/jquery/-/jquery-3.5.1.tgz#d7b4d08e1bfdb86ad2f1a3d039ea17304717abb5"
  integrity sha512-XwIBPqcMn57FxfT+Go5pzySnm4KWkT1Tv7gjrpT1srtf8Weynl6R273VJ5GjkRb51IzMp5nbaPjJXMWeju2MKg==

js-cookie@^2.2.1:
  version "2.2.1"
  resolved "https://registry.yarnpkg.com/js-cookie/-/js-cookie-2.2.1.tgz#69e106dc5d5806894562902aa5baec3744e9b2b8"
  integrity sha512-HvdH2LzI/EAZcUwA8+0nKNtWHqS+ZmijLA30RwZA0bo7ToCckjK5MkGhjED9KoRcXO6BaGI3I9UIzSA1FKFPOQ==

js-doubly-linked-list@^1.0.1:
  version "1.0.1"
  resolved "https://registry.yarnpkg.com/js-doubly-linked-list/-/js-doubly-linked-list-1.0.1.tgz#2192722b3bd02746104e97586a3ca7d1dfed8159"
  integrity sha512-0DTX8kyFW1jhp+X64zkOhu7KmpkRxcB4xcmxEWEjQoNxqqlENTIZJUMeEbiihzUppy08T5T0jlsYSQO6OBhgug==

justifiedGallery@^3.8.1:
  version "3.8.1"
  resolved "https://registry.yarnpkg.com/justifiedGallery/-/justifiedGallery-3.8.1.tgz#0b0c117aa03ce3130a9c90516ae93bd2f2a72948"
  integrity sha512-qHvW4bGD9RkYYR2WfuXQK8/OdHRMTm09RJUmjWYDjAM5BS3yUpoHqXHgLjolE6m9QDReT9E6bME5YBP3VxRYtw==
  dependencies:
    jquery "^3.5.1"

lodash@^4.17.21:
  version "4.17.21"
  resolved "https://registry.yarnpkg.com/lodash/-/lodash-4.17.21.tgz#679591c564c3bffaae8454cf0b3df370c3d6911c"
  integrity sha512-v2kDEe57lecTulaDIuNTPy3Ry4gLGJ6Z1O3vE1krgXZNrsQ+LFTGHVxVjcXPs17LhbZVGedAJv8XZ1tvj5FvSg==

normalize.css@^8.0.1:
  version "8.0.1"
  resolved "https://registry.yarnpkg.com/normalize.css/-/normalize.css-8.0.1.tgz#9b98a208738b9cc2634caacbc42d131c97487bf3"
  integrity sha512-qizSNPO93t1YUuUhP22btGOo3chcvDFqFaj2TRybP0DMxkHOCTYwp3n34fel4a31ORXy4m1Xq0Gyqpb5m33qIg==
